
Microsoft Visual Studio Solution File, Format Version 12.00
# Visual Studio Version 16
VisualStudioVersion = 16.0.31911.196
MinimumVisualStudioVersion = 10.0.40219.1
Project("{FAE04EC0-301F-11D3-BF4B-00C04F79EFBC}") = "GitControl", "GitControl\GitControl.csproj", "{E96FFA92-3343-419F-8343-ED3516A5DAE3}"
EndProject
Global
	GlobalSection(SolutionConfigurationPlatforms) = preSolution
		Debug|Any CPU = Debug|Any CPU
		Release|Any CPU = Release|Any CPU
	EndGlobalSection
	GlobalSection(ProjectConfigurationPlatforms) = postSolution
		{E96FFA92-3343-419F-8343-ED3516A5DAE3}.Debug|Any CPU.ActiveCfg = Debug|Any CPU
		{E96FFA92-3343-419F-8343-ED3516A5DAE3}.Debug|Any CPU.Build.0 = Debug|Any CPU
		{E96FFA92-3343-419F-8343-ED3516A5DAE3}.Release|Any CPU.ActiveCfg = Release|Any CPU
		{E96FFA92-3343-419F-8343-ED3516A5DAE3}.Release|Any CPU.Build.0 = Release|Any CPU
	EndGlobalSection
	GlobalSection(SolutionProperties) = preSolution
		HideSolutionNode = FALSE
	EndGlobalSection
	GlobalSection(ExtensibilityGlobals) = postSolution
		SolutionGuid = {59A8B42A-1487-4844-A721-60CD330EF3C2}
	EndGlobalSection
EndGlobal
